
Microsoft Visual Studio Solution File, Format Version 12.00
# Visual Studio Version 16
VisualStudioVersion = 16.0.32802.440
MinimumVisualStudioVersion = 10.0.40219.1
Project("{9A19103F-16F7-4668-BE54-9A1E7A4F7556}") = "WarmUpStackClass", "WarmUpStackClass.csproj", "{665CD6C4-595B-47B9-A6B2-07F13A39C831}"
EndProject
Project("{FAE04EC0-301F-11D3-BF4B-00C04F79EFBC}") = "StackClassTests", "..\StackClassTests\StackClassTests.csproj", "{585C6E0C-C0EC-4479-B9A6-A246D4ADD606}"
EndProject
Global
	GlobalSection(SolutionConfigurationPlatforms) = preSolution
		Debug|Any CPU = Debug|Any CPU
		Release|Any CPU = Release|Any CPU
	EndGlobalSection
	GlobalSection(ProjectConfigurationPlatforms) = postSolution
		{665CD6C4-595B-47B9-A6B2-07F13A39C831}.Debug|Any CPU.ActiveCfg = Debug|Any CPU
		{665CD6C4-595B-47B9-A6B2-07F13A39C831}.Debug|Any CPU.Build.0 = Debug|Any CPU
		{665CD6C4-595B-47B9-A6B2-07F13A39C831}.Release|Any CPU.ActiveCfg = Release|Any CPU
		{665CD6C4-595B-47B9-A6B2-07F13A39C831}.Release|Any CPU.Build.0 = Release|Any CPU
		{585C6E0C-C0EC-4479-B9A6-A246D4ADD606}.Debug|Any CPU.ActiveCfg = Debug|Any CPU
		{585C6E0C-C0EC-4479-B9A6-A246D4ADD606}.Debug|Any CPU.Build.0 = Debug|Any CPU
		{585C6E0C-C0EC-4479-B9A6-A246D4ADD606}.Release|Any CPU.ActiveCfg = Release|Any CPU
		{585C6E0C-C0EC-4479-B9A6-A246D4ADD606}.Release|Any CPU.Build.0 = Release|Any CPU
	EndGlobalSection
	GlobalSection(SolutionProperties) = preSolution
		HideSolutionNode = FALSE
	EndGlobalSection
	GlobalSection(ExtensibilityGlobals) = postSolution
		SolutionGuid = {75F77B4E-C417-42B2-9C6D-DA8AD734137F}
	EndGlobalSection
EndGlobal
